
Microsoft Visual Studio Solution File, Format Version 12.00
# Visual Studio Version 16
VisualStudioVersion = 16.0.32228.343
MinimumVisualStudioVersion = 10.0.40219.1
Project("{FAE04EC0-301F-11D3-BF4B-00C04F79EFBC}") = "Backend", "Backend\Backend.csproj", "{5EA7D680-F17D-4D99-88B8-A22C0329981D}"
EndProject
Global
	GlobalSection(SolutionConfigurationPlatforms) = preSolution
		Debug|Any CPU = Debug|Any CPU
		Release|Any CPU = Release|Any CPU
	EndGlobalSection
	GlobalSection(ProjectConfigurationPlatforms) = postSolution
		{5EA7D680-F17D-4D99-88B8-A22C0329981D}.Debug|Any CPU.ActiveCfg = Debug|Any CPU
		{5EA7D680-F17D-4D99-88B8-A22C0329981D}.Debug|Any CPU.Build.0 = Debug|Any CPU
		{5EA7D680-F17D-4D99-88B8-A22C0329981D}.Release|Any CPU.ActiveCfg = Release|Any CPU
		{5EA7D680-F17D-4D99-88B8-A22C0329981D}.Release|Any CPU.Build.0 = Release|Any CPU
	EndGlobalSection
	GlobalSection(SolutionProperties) = preSolution
		HideSolutionNode = FALSE
	EndGlobalSection
	GlobalSection(ExtensibilityGlobals) = postSolution
		SolutionGuid = {47B54C4A-E413-4F8F-8BF2-2668921F1195}
	EndGlobalSection
EndGlobal
